// !$*UTF8*$!
{
	archiveVersion = 1;
	classes = {
	};
	objectVersion = 56;
	objects = {

/* Begin PBXBuildFile section */
		180793B7293F024F00E0C499 /* AppDelegate.swift in Sources */ = {isa = PBXBuildFile; fileRef = 180793B6293F024F00E0C499 /* AppDelegate.swift */; };
		180793B9293F024F00E0C499 /* SceneDelegate.swift in Sources */ = {isa = PBXBuildFile; fileRef = 180793B8293F024F00E0C499 /* SceneDelegate.swift */; };
		180793BB293F024F00E0C499 /* ViewController.swift in Sources */ = {isa = PBXBuildFile; fileRef = 180793BA293F024F00E0C499 /* ViewController.swift */; };
		180793BE293F024F00E0C499 /* Main.storyboard in Resources */ = {isa = PBXBuildFile; fileRef = 180793BC293F024F00E0C499 /* Main.storyboard */; };
		180793C0293F025200E0C499 /* Assets.xcassets in Resources */ = {isa = PBXBuildFile; fileRef = 180793BF293F025200E0C499 /* Assets.xcassets */; };
		180793C3293F025200E0C499 /* LaunchScreen.storyboard in Resources */ = {isa = PBXBuildFile; fileRef = 180793C1293F025200E0C499 /* LaunchScreen.storyboard */; };
		180793CB293F02FB00E0C499 /* Employee.swift in Sources */ = {isa = PBXBuildFile; fileRef = 180793CA293F02FB00E0C499 /* Employee.swift */; };
		180793CD293F04EA00E0C499 /* DBHelper.swift in Sources */ = {isa = PBXBuildFile; fileRef = 180793CC293F04EA00E0C499 /* DBHelper.swift */; };
		184CD9E32944F9AC00F924B3 /* TableViewCell.swift in Sources */ = {isa = PBXBuildFile; fileRef = 184CD9E12944F9AC00F924B3 /* TableViewCell.swift */; };
		184CD9E42944F9AC00F924B3 /* TableViewCell.xib in Resources */ = {isa = PBXBuildFile; fileRef = 184CD9E22944F9AC00F924B3 /* TableViewCell.xib */; };
/* End PBXBuildFile section */

/* Begin PBXFileReference section */
		180793B3293F024F00E0C499 /* sqlite3Demo.app */ = {isa = PBXFileReference; explicitFileType = wrapper.application; includeInIndex = 0; path = sqlite3Demo.app; sourceTree = BUILT_PRODUCTS_DIR; };
		180793B6293F024F00E0C499 /* AppDelegate.swift */ = {isa = PBXFileReference; lastKnownFileType = sourcecode.swift; path = AppDelegate.swift; sourceTree = "<group>"; };
		180793B8293F024F00E0C499 /* SceneDelegate.swift */ = {isa = PBXFileReference; lastKnownFileType = sourcecode.swift; path = SceneDelegate.swift; sourceTree = "<group>"; };
		180793BA293F024F00E0C499 /* ViewController.swift */ = {isa = PBXFileReference; lastKnownFileType = sourcecode.swift; path = ViewController.swift; sourceTree = "<group>"; };
		180793BD293F024F00E0C499 /* Base */ = {isa = PBXFileReference; lastKnownFileType = file.storyboard; name = Base; path = Base.lproj/Main.storyboard; sourceTree = "<group>"; };
		180793BF293F025200E0C499 /* Assets.xcassets */ = {isa = PBXFileReference; lastKnownFileType = folder.assetcatalog; path = Assets.xcassets; sourceTree = "<group>"; };
		180793C2293F025200E0C499 /* Base */ = {isa = PBXFileReference; lastKnownFileType = file.storyboard; name = Base; path = Base.lproj/LaunchScreen.storyboard; sourceTree = "<group>"; };
		180793C4293F025200E0C499 /* Info.plist */ = {isa = PBXFileReference; lastKnownFileType = text.plist.xml; path = Info.plist; sourceTree = "<group>"; };
		180793CA293F02FB00E0C499 /* Employee.swift */ = {isa = PBXFileReference; lastKnownFileType = sourcecode.swift; path = Employee.swift; sourceTree = "<group>"; };
		180793CC293F04EA00E0C499 /* DBHelper.swift */ = {isa = PBXFileReference; lastKnownFileType = sourcecode.swift; path = DBHelper.swift; sourceTree = "<group>"; };
		184CD9E12944F9AC00F924B3 /* TableViewCell.swift */ = {isa = PBXFileReference; lastKnownFileType = sourcecode.swift; path = TableViewCell.swift; sourceTree = "<group>"; };
		184CD9E22944F9AC00F924B3 /* TableViewCell.xib */ = {isa = PBXFileReference; lastKnownFileType = file.xib; path = TableViewCell.xib; sourceTree = "<group>"; };
/* End PBXFileReference section */

/* Begin PBXFrameworksBuildPhase section */
		180793B0293F024F00E0C499 /* Frameworks */ = {
			isa = PBXFrameworksBuildPhase;
			buildActionMask = 2147483647;
			files = (
			);
			runOnlyForDeploymentPostprocessing = 0;
		};
/* End PBXFrameworksBuildPhase section */

/* Begin PBXGroup section */
		180793AA293F024F00E0C499 = {
			isa = PBXGroup;
			children = (
				180793B5293F024F00E0C499 /* sqlite3Demo */,
				180793B4293F024F00E0C499 /* Products */,
			);
			sourceTree = "<group>";
		};
		180793B4293F024F00E0C499 /* Products */ = {
			isa = PBXGroup;
			children = (
				180793B3293F024F00E0C499 /* sqlite3Demo.app */,
			);
			name = Products;
			sourceTree = "<group>";
		};
		180793B5293F024F00E0C499 /* sqlite3Demo */ = {
			isa = PBXGroup;
			children = (
				180793B6293F024F00E0C499 /* AppDelegate.swift */,
				180793B8293F024F00E0C499 /* SceneDelegate.swift */,
				180793BA293F024F00E0C499 /* ViewController.swift */,
				184CD9E12944F9AC00F924B3 /* TableViewCell.swift */,
				184CD9E22944F9AC00F924B3 /* TableViewCell.xib */,
				180793CA293F02FB00E0C499 /* Employee.swift */,
				180793CC293F04EA00E0C499 /* DBHelper.swift */,
				180793BC293F024F00E0C499 /* Main.storyboard */,
				180793BF293F025200E0C499 /* Assets.xcassets */,
				180793C1293F025200E0C499 /* LaunchScreen.storyboard */,
				180793C4293F025200E0C499 /* Info.plist */,
			);
			path = sqlite3Demo;
			sourceTree = "<group>";
		};
/* End PBXGroup section */

/* Begin PBXNativeTarget section */
		180793B2293F024F00E0C499 /* sqlite3Demo */ = {
			isa = PBXNativeTarget;
			buildConfigurationList = 180793C7293F025200E0C499 /* Build configuration list for PBXNativeTarget "sqlite3Demo" */;
			buildPhases = (
				180793AF293F024F00E0C499 /* Sources */,
				180793B0293F024F00E0C499 /* Frameworks */,
				180793B1293F024F00E0C499 /* Resources */,
			);
			buildRules = (
			);
			dependencies = (
			);
			name = sqlite3Demo;
			productName = sqlite3Demo;
			productReference = 180793B3293F024F00E0C499 /* sqlite3Demo.app */;
			productType = "com.apple.product-type.application";
		};
/* End PBXNativeTarget section */

/* Begin PBXProject section */
		180793AB293F024F00E0C499 /* Project object */ = {
			isa = PBXProject;
			attributes = {
				BuildIndependentTargetsInParallel = 1;
				LastSwiftUpdateCheck = 1400;
				LastUpgradeCheck = 1400;
				TargetAttributes = {
					180793B2293F024F00E0C499 = {
						CreatedOnToolsVersion = 14.0.1;
					};
				};
			};
			buildConfigurationList = 180793AE293F024F00E0C499 /* Build configuration list for PBXProject "sqlite3Demo" */;
			compatibilityVersion = "Xcode 14.0";
			developmentRegion = en;
			hasScannedForEncodings = 0;
			knownRegions = (
				en,
				Base,
			);
			mainGroup = 180793AA293F024F00E0C499;
			productRefGroup = 180793B4293F024F00E0C499 /* Products */;
			projectDirPath = "";
			projectRoot = "";
			targets = (
				180793B2293F024F00E0C499 /* sqlite3Demo */,
			);
		};
/* End PBXProject section */

/* Begin PBXResourcesBuildPhase section */
		180793B1293F024F00E0C499 /* Resources */ = {
			isa = PBXResourcesBuildPhase;
			buildActionMask = 2147483647;
			files = (
				180793C3293F025200E0C499 /* LaunchScreen.storyboard in Resources */,
				184CD9E42944F9AC00F924B3 /* TableViewCell.xib in Resources */,
				180793C0293F025200E0C499 /* Assets.xcassets in Resources */,
				180793BE293F024F00E0C499 /* Main.storyboard in Resources */,
			);
			runOnlyForDeploymentPostprocessing = 0;
		};
/* End PBXResourcesBuildPhase section */

/* Begin PBXSourcesBuildPhase section */
		180793AF293F024F00E0C499 /* Sources */ = {
			isa = PBXSourcesBuildPhase;
			buildActionMask = 2147483647;
			files = (
				180793BB293F024F00E0C499 /* ViewController.swift in Sources */,
				180793CB293F02FB00E0C499 /* Employee.swift in Sources */,
				180793CD293F04EA00E0C499 /* DBHelper.swift in Sources */,
				184CD9E32944F9AC00F924B3 /* TableViewCell.swift in Sources */,
				180793B7293F024F00E0C499 /* AppDelegate.swift in Sources */,
				180793B9293F024F00E0C499 /* SceneDelegate.swift in Sources */,
			);
			runOnlyForDeploymentPostprocessing = 0;
		};
/* End PBXSourcesBuildPhase section */

/* Begin PBXVariantGroup section */
		180793BC293F024F00E0C499 /* Main.storyboard */ = {
			isa = PBXVariantGroup;
			children = (
				180793BD293F024F00E0C499 /* Base */,
			);
			name = Main.storyboard;
			sourceTree = "<group>";
		};
		180793C1293F025200E0C499 /* LaunchScreen.storyboard */ = {
			isa = PBXVariantGroup;
			children = (
				180793C2293F025200E0C499 /* Base */,
			);
			name = LaunchScreen.storyboard;
			sourceTree = "<group>";
		};
/* End PBXVariantGroup section */

/* Begin XCBuildConfiguration section */
		180793C5293F025200E0C499 /* Debug */ = {
			isa = XCBuildConfiguration;
			buildSettings = {
				ALWAYS_SEARCH_USER_PATHS = NO;
				CLANG_ANALYZER_NONNULL = YES;
				CLANG_ANALYZER_NUMBER_OBJECT_CONVERSION = YES_AGGRESSIVE;
				CLANG_CXX_LANGUAGE_STANDARD = "gnu++20";
				CLANG_ENABLE_MODULES = YES;
				CLANG_ENABLE_OBJC_ARC = YES;
				CLANG_ENABLE_OBJC_WEAK = YES;
				CLANG_WARN_BLOCK_CAPTURE_AUTORELEASING = YES;
				CLANG_WARN_BOOL_CONVERSION = YES;
				CLANG_WARN_COMMA = YES;
				CLANG_WARN_CONSTANT_CONVERSION = YES;
				CLANG_WARN_DEPRECATED_OBJC_IMPLEMENTATIONS = YES;
				CLANG_WARN_DIRECT_OBJC_ISA_USAGE = YES_ERROR;
				CLANG_WARN_DOCUMENTATION_COMMENTS = YES;
				CLANG_WARN_EMPTY_BODY = YES;
				CLANG_WARN_ENUM_CONVERSION = YES;
				CLANG_WARN_INFINITE_RECURSION = YES;
				CLANG_WARN_INT_CONVERSION = YES;
				CLANG_WARN_NON_LITERAL_NULL_CONVERSION = YES;
				CLANG_WARN_OBJC_IMPLICIT_RETAIN_SELF = YES;
				CLANG_WARN_OBJC_LITERAL_CONVERSION = YES;
				CLANG_WARN_OBJC_ROOT_CLASS = YES_ERROR;
				CLANG_WARN_QUOTED_INCLUDE_IN_FRAMEWORK_HEADER = YES;
				CLANG_WARN_RANGE_LOOP_ANALYSIS = YES;
				CLANG_WARN_STRICT_PROTOTYPES = YES;
				CLANG_WARN_SUSPICIOUS_MOVE = YES;
				CLANG_WARN_UNGUARDED_AVAILABILITY = YES_AGGRESSIVE;
				CLANG_WARN_UNREACHABLE_CODE = YES;
				CLANG_WARN__DUPLICATE_METHOD_MATCH = YES;
				COPY_PHASE_STRIP = NO;
				DEBUG_INFORMATION_FORMAT = dwarf;
				ENABLE_STRICT_OBJC_MSGSEND = YES;
				ENABLE_TESTABILITY = YES;
				GCC_C_LANGUAGE_STANDARD = gnu11;
				GCC_DYNAMIC_NO_PIC = NO;
				GCC_NO_COMMON_BLOCKS = YES;
				GCC_OPTIMIZATION_LEVEL = 0;
				GCC_PREPROCESSOR_DEFINITIONS = (
					"DEBUG=1",
					"$(inherited)",
				);
				GCC_WARN_64_TO_32_BIT_CONVERSION = YES;
				GCC_WARN_ABOUT_RETURN_TYPE = YES_ERROR;
				GCC_WARN_UNDECLARED_SELECTOR = YES;
				GCC_WARN_UNINITIALIZED_AUTOS = YES_AGGRESSIVE;
				GCC_WARN_UNUSED_FUNCTION = YES;
				GCC_WARN_UNUSED_VARIABLE = YES;
				IPHONEOS_DEPLOYMENT_TARGET = 16.0;
				MTL_ENABLE_DEBUG_INFO = INCLUDE_SOURCE;
				MTL_FAST_MATH = YES;
				ONLY_ACTIVE_ARCH = YES;
				SDKROOT = iphoneos;
				SWIFT_ACTIVE_COMPILATION_CONDITIONS = DEBUG;
				SWIFT_OPTIMIZATION_LEVEL = "-Onone";
			};
			name = Debug;
		};
		180793C6293F025200E0C499 /* Release */ = {
			isa = XCBuildConfiguration;
			buildSettings = {
				ALWAYS_SEARCH_USER_PATHS = NO;
				CLANG_ANALYZER_NONNULL = YES;
				CLANG_ANALYZER_NUMBER_OBJECT_CONVERSION = YES_AGGRESSIVE;
				CLANG_CXX_LANGUAGE_STANDARD = "gnu++20";
				CLANG_ENABLE_MODULES = YES;
				CLANG_ENABLE_OBJC_ARC = YES;
				CLANG_ENABLE_OBJC_WEAK = YES;
				CLANG_WARN_BLOCK_CAPTURE_AUTORELEASING = YES;
				CLANG_WARN_BOOL_CONVERSION = YES;
				CLANG_WARN_COMMA = YES;
				CLANG_WARN_CONSTANT_CONVERSION = YES;
				CLANG_WARN_DEPRECATED_OBJC_IMPLEMENTATIONS = YES;
				CLANG_WARN_DIRECT_OBJC_ISA_USAGE = YES_ERROR;
				CLANG_WARN_DOCUMENTATION_COMMENTS = YES;
				CLANG_WARN_EMPTY_BODY = YES;
				CLANG_WARN_ENUM_CONVERSION = YES;
				CLANG_WARN_INFINITE_RECURSION = YES;
				CLANG_WARN_INT_CONVERSION = YES;
				CLANG_WARN_NON_LITERAL_NULL_CONVERSION = YES;
				CLANG_WARN_OBJC_IMPLICIT_RETAIN_SELF = YES;
				CLANG_WARN_OBJC_LITERAL_CONVERSION = YES;
				CLANG_WARN_OBJC_ROOT_CLASS = YES_ERROR;
				CLANG_WARN_QUOTED_INCLUDE_IN_FRAMEWORK_HEADER = YES;
				CLANG_WARN_RANGE_LOOP_ANALYSIS = YES;
				CLANG_WARN_STRICT_PROTOTYPES = YES;
				CLANG_WARN_SUSPICIOUS_MOVE = YES;
				CLANG_WARN_UNGUARDED_AVAILABILITY = YES_AGGRESSIVE;
				CLANG_WARN_UNREACHABLE_CODE = YES;
				CLANG_WARN__DUPLICATE_METHOD_MATCH = YES;
				COPY_PHASE_STRIP = NO;
				DEBUG_INFORMATION_FORMAT = "dwarf-with-dsym";
				ENABLE_NS_ASSERTIONS = NO;
				ENABLE_STRICT_OBJC_MSGSEND = YES;
				GCC_C_LANGUAGE_STANDARD = gnu11;
				GCC_NO_COMMON_BLOCKS = YES;
				GCC_WARN_64_TO_32_BIT_CONVERSION = YES;
				GCC_WARN_ABOUT_RETURN_TYPE = YES_ERROR;
				GCC_WARN_UNDECLARED_SELECTOR = YES;
				GCC_WARN_UNINITIALIZED_AUTOS = YES_AGGRESSIVE;
				GCC_WARN_UNUSED_FUNCTION = YES;
				GCC_WARN_UNUSED_VARIABLE = YES;
				IPHONEOS_DEPLOYMENT_TARGET = 16.0;
				MTL_ENABLE_DEBUG_INFO = NO;
				MTL_FAST_MATH = YES;
				SDKROOT = iphoneos;
				SWIFT_COMPILATION_MODE = wholemodule;
				SWIFT_OPTIMIZATION_LEVEL = "-O";
				VALIDATE_PRODUCT = YES;
			};
			name = Release;
		};
		180793C8293F025200E0C499 /* Debug */ = {
			isa = XCBuildConfiguration;
			buildSettings = {
				ASSETCATALOG_COMPILER_APPICON_NAME = AppIcon;
				ASSETCATALOG_COMPILER_GLOBAL_ACCENT_COLOR_NAME = AccentColor;
				CODE_SIGN_STYLE = Automatic;
				CURRENT_PROJECT_VERSION = 1;
				DEVELOPMENT_TEAM = 47Z8B6N6UG;
				GENERATE_INFOPLIST_FILE = YES;
				INFOPLIST_FILE = sqlite3Demo/Info.plist;
				INFOPLIST_KEY_UIApplicationSupportsIndirectInputEvents = YES;
				INFOPLIST_KEY_UILaunchStoryboardName = LaunchScreen;
				INFOPLIST_KEY_UIMainStoryboardFile = Main;
				INFOPLIST_KEY_UISupportedInterfaceOrientations_iPad = "UIInterfaceOrientationPortrait UIInterfaceOrientationPortraitUpsideDown UIInterfaceOrientationLandscapeLeft UIInterfaceOrientationLandscapeRight";
				INFOPLIST_KEY_UISupportedInterfaceOrientations_iPhone = "UIInterfaceOrientationPortrait UIInterfaceOrientationLandscapeLeft UIInterfaceOrientationLandscapeRight";
				LD_RUNPATH_SEARCH_PATHS = (
					"$(inherited)",
					"@executable_path/Frameworks",
				);
				MARKETING_VERSION = 1.0;
				PRODUCT_BUNDLE_IDENTIFIER = "sanketajabe2001-gmail.com.sqlite3Demo";
				PRODUCT_NAME = "$(TARGET_NAME)";
				SWIFT_EMIT_LOC_STRINGS = YES;
				SWIFT_VERSION = 5.0;
				TARGETED_DEVICE_FAMILY = "1,2";
			};
			name = Debug;
		};
		180793C9293F025200E0C499 /* Release */ = {
			isa = XCBuildConfiguration;
			buildSettings = {
				ASSETCATALOG_COMPILER_APPICON_NAME = AppIcon;
				ASSETCATALOG_COMPILER_GLOBAL_ACCENT_COLOR_NAME = AccentColor;
				CODE_SIGN_STYLE = Automatic;
				CURRENT_PROJECT_VERSION = 1;
				DEVELOPMENT_TEAM = 47Z8B6N6UG;
				GENERATE_INFOPLIST_FILE = YES;
				INFOPLIST_FILE = sqlite3Demo/Info.plist;
				INFOPLIST_KEY_UIApplicationSupportsIndirectInputEvents = YES;
				INFOPLIST_KEY_UILaunchStoryboardName = LaunchScreen;
				INFOPLIST_KEY_UIMainStoryboardFile = Main;
				INFOPLIST_KEY_UISupportedInterfaceOrientations_iPad = "UIInterfaceOrientationPortrait UIInterfaceOrientationPortraitUpsideDown UIInterfaceOrientationLandscapeLeft UIInterfaceOrientationLandscapeRight";
				INFOPLIST_KEY_UISupportedInterfaceOrientations_iPhone = "UIInterfaceOrientationPortrait UIInterfaceOrientationLandscapeLeft UIInterfaceOrientationLandscapeRight";
				LD_RUNPATH_SEARCH_PATHS = (
					"$(inherited)",
					"@executable_path/Frameworks",
				);
				MARKETING_VERSION = 1.0;
				PRODUCT_BUNDLE_IDENTIFIER = "sanketajabe2001-gmail.com.sqlite3Demo";
				PRODUCT_NAME = "$(TARGET_NAME)";
				SWIFT_EMIT_LOC_STRINGS = YES;
				SWIFT_VERSION = 5.0;
				TARGETED_DEVICE_FAMILY = "1,2";
			};
			name = Release;
		};
/* End XCBuildConfiguration section */

/* Begin XCConfigurationList section */
		180793AE293F024F00E0C499 /* Build configuration list for PBXProject "sqlite3Demo" */ = {
			isa = XCConfigurationList;
			buildConfigurations = (
				180793C5293F025200E0C499 /* Debug */,
				180793C6293F025200E0C499 /* Release */,
			);
			defaultConfigurationIsVisible = 0;
			defaultConfigurationName = Release;
		};
		180793C7293F025200E0C499 /* Build configuration list for PBXNativeTarget "sqlite3Demo" */ = {
			isa = XCConfigurationList;
			buildConfigurations = (
				180793C8293F025200E0C499 /* Debug */,
				180793C9293F025200E0C499 /* Release */,
			);
			defaultConfigurationIsVisible = 0;
			defaultConfigurationName = Release;
		};
/* End XCConfigurationList section */
	};
	rootObject = 180793AB293F024F00E0C499 /* Project object */;
}
